
Microsoft Visual Studio Solution File, Format Version 12.00
# Visual Studio 15
VisualStudioVersion = 15.0.27130.2036
MinimumVisualStudioVersion = 10.0.40219.1
Project("{FAE04EC0-301F-11D3-BF4B-00C04F79EFBC}") = "Blog", "Blog\Blog.csproj", "{CE1E5AAC-496F-43EF-9E2E-64CF4BC2ECD6}"
EndProject
Global
	GlobalSection(SolutionConfigurationPlatforms) = preSolution
		Debug|Any CPU = Debug|Any CPU
		Release|Any CPU = Release|Any CPU
	EndGlobalSection
	GlobalSection(ProjectConfigurationPlatforms) = postSolution
		{CE1E5AAC-496F-43EF-9E2E-64CF4BC2ECD6}.Debug|Any CPU.ActiveCfg = Debug|Any CPU
		{CE1E5AAC-496F-43EF-9E2E-64CF4BC2ECD6}.Debug|Any CPU.Build.0 = Debug|Any CPU
		{CE1E5AAC-496F-43EF-9E2E-64CF4BC2ECD6}.Release|Any CPU.ActiveCfg = Release|Any CPU
		{CE1E5AAC-496F-43EF-9E2E-64CF4BC2ECD6}.Release|Any CPU.Build.0 = Release|Any CPU
	EndGlobalSection
	GlobalSection(SolutionProperties) = preSolution
		HideSolutionNode = FALSE
	EndGlobalSection
	GlobalSection(ExtensibilityGlobals) = postSolution
		SolutionGuid = {EEA13A11-EEB4-440E-98DB-D82082BB5DFB}
	EndGlobalSection
EndGlobal
